
Microsoft Visual Studio Solution File, Format Version 12.00
# Visual Studio 15
VisualStudioVersion = 15.0.27428.2002
MinimumVisualStudioVersion = 10.0.40219.1
Project("{9A19103F-16F7-4668-BE54-9A1E7A4F7556}") = "RentoBuddy", "RentoBuddy\RentoBuddy.csproj", "{A10A74E0-22A2-4BBF-A741-BEB8A46C7E6B}"
EndProject
Project("{9A19103F-16F7-4668-BE54-9A1E7A4F7556}") = "RentoBuddyAPI", "RentoBuddyAPI\RentoBuddyAPI.csproj", "{36D89761-8DB6-4794-A38D-98A37E88DCDB}"
EndProject
Global
	GlobalSection(SolutionConfigurationPlatforms) = preSolution
		Debug|Any CPU = Debug|Any CPU
		Release|Any CPU = Release|Any CPU
	EndGlobalSection
	GlobalSection(ProjectConfigurationPlatforms) = postSolution
		{A10A74E0-22A2-4BBF-A741-BEB8A46C7E6B}.Debug|Any CPU.ActiveCfg = Debug|Any CPU
		{A10A74E0-22A2-4BBF-A741-BEB8A46C7E6B}.Debug|Any CPU.Build.0 = Debug|Any CPU
		{A10A74E0-22A2-4BBF-A741-BEB8A46C7E6B}.Release|Any CPU.ActiveCfg = Release|Any CPU
		{A10A74E0-22A2-4BBF-A741-BEB8A46C7E6B}.Release|Any CPU.Build.0 = Release|Any CPU
		{36D89761-8DB6-4794-A38D-98A37E88DCDB}.Debug|Any CPU.ActiveCfg = Debug|Any CPU
		{36D89761-8DB6-4794-A38D-98A37E88DCDB}.Debug|Any CPU.Build.0 = Debug|Any CPU
		{36D89761-8DB6-4794-A38D-98A37E88DCDB}.Release|Any CPU.ActiveCfg = Release|Any CPU
		{36D89761-8DB6-4794-A38D-98A37E88DCDB}.Release|Any CPU.Build.0 = Release|Any CPU
	EndGlobalSection
	GlobalSection(SolutionProperties) = preSolution
		HideSolutionNode = FALSE
	EndGlobalSection
	GlobalSection(ExtensibilityGlobals) = postSolution
		SolutionGuid = {69BFAC5A-B032-454B-9831-D8F3FE2E6FBE}
	EndGlobalSection
EndGlobal
